Microsoft Visual Studio Solution File, Format Version 11.00
# Visual Studio 2008

Project("{0D1074B5-C2C1-47AC-37C6-E718227F4597}") = "bingqiu", "Assembly-CSharp.csproj", "{0C063C7B-E511-F08B-1D33-07664A869074}"
EndProject
Global
	GlobalSection(SolutionConfigurationPlatforms) = preSolution
		Debug|Any CPU = Debug|Any CPU
		Release|Any CPU = Release|Any CPU
	EndGlobalSection
	GlobalSection(ProjectConfigurationPlatforms) = postSolution
		{0C063C7B-E511-F08B-1D33-07664A869074}.Debug|Any CPU.ActiveCfg = Debug|Any CPU
		{0C063C7B-E511-F08B-1D33-07664A869074}.Debug|Any CPU.Build.0 = Debug|Any CPU
		{0C063C7B-E511-F08B-1D33-07664A869074}.Release|Any CPU.ActiveCfg = Release|Any CPU
		{0C063C7B-E511-F08B-1D33-07664A869074}.Release|Any CPU.Build.0 = Release|Any CPU
	EndGlobalSection
	GlobalSection(SolutionProperties) = preSolution
		HideSolutionNode = FALSE
	EndGlobalSection
	GlobalSection(MonoDevelopProperties) = preSolution
		StartupItem = Assembly-CSharp.csproj
	EndGlobalSection
EndGlobal
